
Microsoft Visual Studio Solution File, Format Version 12.00
# Visual Studio Version 17
VisualStudioVersion = 17.11.35431.28
MinimumVisualStudioVersion = 10.0.40219.1
Project("{FAE04EC0-301F-11D3-BF4B-00C04F79EFBC}") = "HilleroedSejlklubExam", "HilleroedSejlklubExam\HilleroedSejlklubExam.csproj", "{3816E6CF-3115-4496-9963-A6179E473B1F}"
EndProject
Project("{FAE04EC0-301F-11D3-BF4B-00C04F79EFBC}") = "HilleroedSejlklub", "HilleroedSejlklub\HilleroedSejlklub.csproj", "{31241127-D2F0-4CFD-B5DF-48F6A1DBFD05}"
EndProject
Global
	GlobalSection(SolutionConfigurationPlatforms) = preSolution
		Debug|Any CPU = Debug|Any CPU
		Release|Any CPU = Release|Any CPU
	EndGlobalSection
	GlobalSection(ProjectConfigurationPlatforms) = postSolution
		{3816E6CF-3115-4496-9963-A6179E473B1F}.Debug|Any CPU.ActiveCfg = Debug|Any CPU
		{3816E6CF-3115-4496-9963-A6179E473B1F}.Debug|Any CPU.Build.0 = Debug|Any CPU
		{3816E6CF-3115-4496-9963-A6179E473B1F}.Release|Any CPU.ActiveCfg = Release|Any CPU
		{3816E6CF-3115-4496-9963-A6179E473B1F}.Release|Any CPU.Build.0 = Release|Any CPU
		{31241127-D2F0-4CFD-B5DF-48F6A1DBFD05}.Debug|Any CPU.ActiveCfg = Debug|Any CPU
		{31241127-D2F0-4CFD-B5DF-48F6A1DBFD05}.Debug|Any CPU.Build.0 = Debug|Any CPU
		{31241127-D2F0-4CFD-B5DF-48F6A1DBFD05}.Release|Any CPU.ActiveCfg = Release|Any CPU
		{31241127-D2F0-4CFD-B5DF-48F6A1DBFD05}.Release|Any CPU.Build.0 = Release|Any CPU
	EndGlobalSection
	GlobalSection(SolutionProperties) = preSolution
		HideSolutionNode = FALSE
	EndGlobalSection
	GlobalSection(ExtensibilityGlobals) = postSolution
		SolutionGuid = {1A89B80F-1745-458A-95CB-7A46298BDEBC}
	EndGlobalSection
EndGlobal
