
Microsoft Visual Studio Solution File, Format Version 12.00
# Visual Studio Version 17
VisualStudioVersion = 17.11.35431.28
MinimumVisualStudioVersion = 10.0.40219.1
Project("{9A19103F-16F7-4668-BE54-9A1E7A4F7556}") = "HilleroedSejlklubExam", "HilleroedSejlklubExam\HilleroedSejlklubExam.csproj", "{3816E6CF-3115-4496-9963-A6179E473B1F}"
	ProjectSection(ProjectDependencies) = postProject
		{3E4F45C1-5A41-4D25-A84D-25B3F16A48A1} = {3E4F45C1-5A41-4D25-A84D-25B3F16A48A1}
	EndProjectSection
EndProject
Project("{9A19103F-16F7-4668-BE54-9A1E7A4F7556}") = "HilleroedSejlklub", "HilleroedSejlklub\HilleroedSejlklub.csproj", "{31241127-D2F0-4CFD-B5DF-48F6A1DBFD05}"
	ProjectSection(ProjectDependencies) = postProject
		{3E4F45C1-5A41-4D25-A84D-25B3F16A48A1} = {3E4F45C1-5A41-4D25-A84D-25B3F16A48A1}
	EndProjectSection
EndProject
Project("{9A19103F-16F7-4668-BE54-9A1E7A4F7556}") = "HSLibrary", "HSLibrary\HSLibrary.csproj", "{3E4F45C1-5A41-4D25-A84D-25B3F16A48A1}"
EndProject
Project("{9A19103F-16F7-4668-BE54-9A1E7A4F7556}") = "HSConsoleApp", "HSConsoleApp\HSConsoleApp.csproj", "{10A5DB27-3156-498E-ACE3-2A6FB652A6EC}"
	ProjectSection(ProjectDependencies) = postProject
		{3E4F45C1-5A41-4D25-A84D-25B3F16A48A1} = {3E4F45C1-5A41-4D25-A84D-25B3F16A48A1}
	EndProjectSection
EndProject
Global
	GlobalSection(SolutionConfigurationPlatforms) = preSolution
		Debug|Any CPU = Debug|Any CPU
		Release|Any CPU = Release|Any CPU
	EndGlobalSection
	GlobalSection(ProjectConfigurationPlatforms) = postSolution
		{3816E6CF-3115-4496-9963-A6179E473B1F}.Debug|Any CPU.ActiveCfg = Debug|Any CPU
		{3816E6CF-3115-4496-9963-A6179E473B1F}.Debug|Any CPU.Build.0 = Debug|Any CPU
		{3816E6CF-3115-4496-9963-A6179E473B1F}.Release|Any CPU.ActiveCfg = Release|Any CPU
		{3816E6CF-3115-4496-9963-A6179E473B1F}.Release|Any CPU.Build.0 = Release|Any CPU
		{31241127-D2F0-4CFD-B5DF-48F6A1DBFD05}.Debug|Any CPU.ActiveCfg = Debug|Any CPU
		{31241127-D2F0-4CFD-B5DF-48F6A1DBFD05}.Debug|Any CPU.Build.0 = Debug|Any CPU
		{31241127-D2F0-4CFD-B5DF-48F6A1DBFD05}.Release|Any CPU.ActiveCfg = Release|Any CPU
		{31241127-D2F0-4CFD-B5DF-48F6A1DBFD05}.Release|Any CPU.Build.0 = Release|Any CPU
		{3E4F45C1-5A41-4D25-A84D-25B3F16A48A1}.Debug|Any CPU.ActiveCfg = Debug|Any CPU
		{3E4F45C1-5A41-4D25-A84D-25B3F16A48A1}.Debug|Any CPU.Build.0 = Debug|Any CPU
		{3E4F45C1-5A41-4D25-A84D-25B3F16A48A1}.Release|Any CPU.ActiveCfg = Release|Any CPU
		{3E4F45C1-5A41-4D25-A84D-25B3F16A48A1}.Release|Any CPU.Build.0 = Release|Any CPU
		{10A5DB27-3156-498E-ACE3-2A6FB652A6EC}.Debug|Any CPU.ActiveCfg = Debug|Any CPU
		{10A5DB27-3156-498E-ACE3-2A6FB652A6EC}.Debug|Any CPU.Build.0 = Debug|Any CPU
		{10A5DB27-3156-498E-ACE3-2A6FB652A6EC}.Release|Any CPU.ActiveCfg = Release|Any CPU
		{10A5DB27-3156-498E-ACE3-2A6FB652A6EC}.Release|Any CPU.Build.0 = Release|Any CPU
	EndGlobalSection
	GlobalSection(SolutionProperties) = preSolution
		HideSolutionNode = FALSE
	EndGlobalSection
	GlobalSection(ExtensibilityGlobals) = postSolution
		SolutionGuid = {1A89B80F-1745-458A-95CB-7A46298BDEBC}
	EndGlobalSection
EndGlobal
